<?xml version="1.0" encoding="utf-8"?>
<Project ToolsVersion="4.0" xmlns="http://schemas.microsoft.com/developer/msbuild/2003">
  <ItemGroup>
    <Filter Include="소스 파일">
      <UniqueIdentifier>{4FC737F1-C7A5-4376-A066-2A32D752A2FF}</UniqueIdentifier>
      <Extensions>cpp;c;cc;cxx;c++;cppm;ixx;def;odl;idl;hpj;bat;asm;asmx</Extensions>
    </Filter>
    <Filter Include="헤더 파일">
      <UniqueIdentifier>{93995380-89BD-4b04-88EB-625FBE52EBFB}</UniqueIdentifier>
      <Extensions>h;hh;hpp;hxx;h++;hm;inl;inc;ipp;xsd</Extensions>
    </Filter>
    <Filter Include="리소스 파일">
      <UniqueIdentifier>{67DA6AB6-F800-4c08-8B7A-83BB121AAD01}</UniqueIdentifier>
      <Extensions>rc;ico;cur;bmp;dlg;rc2;rct;bin;rgs;gif;jpg;jpeg;jpe;resx;tiff;tif;png;wav;mfcribbon-ms</Extensions>
    </Filter>
  </ItemGroup>
  <ItemGroup>
    <ClInclude Include="Actor.h">
      <Filter>헤더 파일</Filter>
    </ClInclude>
    <ClInclude Include="Monster.h">
      <Filter>헤더 파일</Filter>
    </ClInclude>
    <ClInclude Include="Character.h">
      <Filter>헤더 파일</Filter>
    </ClInclude>
    <ClInclude Include="Inventory.h">
      <Filter>헤더 파일</Filter>
    </ClInclude>
    <ClInclude Include="Shop.h">
      <Filter>헤더 파일</Filter>
    </ClInclude>
    <ClInclude Include="BattleManager.h">
      <Filter>헤더 파일</Filter>
    </ClInclude>
    <ClInclude Include="Item.h">
      <Filter>헤더 파일</Filter>
    </ClInclude>
    <ClInclude Include="SaveManager.h">
      <Filter>헤더 파일</Filter>
    </ClInclude>
    <ClInclude Include="DisplayManager.h">
      <Filter>헤더 파일</Filter>
    </ClInclude>
    <ClInclude Include="SoundManager.h">
      <Filter>헤더 파일</Filter>
    </ClInclude>
    <ClInclude Include="GameLoop.h">
      <Filter>헤더 파일</Filter>
    </ClInclude>
    <ClInclude Include="Logger.h">
      <Filter>헤더 파일</Filter>
    </ClInclude>
    <ClInclude Include="AchievementManager.h">
      <Filter>헤더 파일</Filter>
    </ClInclude>
    <ClInclude Include="GameManager.h">
      <Filter>헤더 파일</Filter>
    </ClInclude>
    <ClInclude Include="InputManager.h">
      <Filter>헤더 파일</Filter>
    </ClInclude>
    <ClInclude Include="Pawn.h">
      <Filter>헤더 파일</Filter>
    </ClInclude>
    <ClInclude Include="TextRPG.h">
      <Filter>헤더 파일</Filter>
    </ClInclude>
    <ClInclude Include="Widget.h">
      <Filter>헤더 파일</Filter>
    </ClInclude>
    <ClInclude Include="QTE.h">
      <Filter>헤더 파일</Filter>
    </ClInclude>
    <ClInclude Include="Buff.h">
      <Filter>헤더 파일</Filter>
    </ClInclude>
    <ClInclude Include="ItemManager.h">
      <Filter>헤더 파일</Filter>
    </ClInclude>
    <ClInclude Include="Enums.h">
      <Filter>헤더 파일</Filter>
    </ClInclude>
    <ClInclude Include="Utilities.h">
      <Filter>헤더 파일</Filter>
    </ClInclude>
    <ClInclude Include="VectorWidget.h">
      <Filter>헤더 파일</Filter>
    </ClInclude>
    <ClInclude Include="UsableItem.h">
      <Filter>헤더 파일</Filter>
    </ClInclude>
    <ClInclude Include="Equipment.h">
      <Filter>헤더 파일</Filter>
    </ClInclude>
    <ClInclude Include="Artifact.h">
      <Filter>헤더 파일</Filter>
    </ClInclude>
    <ClInclude Include="StatWidget.h">
      <Filter>헤더 파일</Filter>
    </ClInclude>
    <ClInclude Include="Boss.h">
      <Filter>헤더 파일</Filter>
    </ClInclude>
  </ItemGroup>
  <ItemGroup>
    <ClCompile Include="Actor.cpp">
      <Filter>소스 파일</Filter>
    </ClCompile>
    <ClCompile Include="Monster.cpp">
      <Filter>소스 파일</Filter>
    </ClCompile>
    <ClCompile Include="Character.cpp">
      <Filter>소스 파일</Filter>
    </ClCompile>
    <ClCompile Include="Inventory.cpp">
      <Filter>소스 파일</Filter>
    </ClCompile>
    <ClCompile Include="Shop.cpp">
      <Filter>소스 파일</Filter>
    </ClCompile>
    <ClCompile Include="BattleManager.cpp">
      <Filter>소스 파일</Filter>
    </ClCompile>
    <ClCompile Include="Item.cpp">
      <Filter>소스 파일</Filter>
    </ClCompile>
    <ClCompile Include="SaveManager.cpp">
      <Filter>소스 파일</Filter>
    </ClCompile>
    <ClCompile Include="DisplayManager.cpp">
      <Filter>소스 파일</Filter>
    </ClCompile>
    <ClCompile Include="SoundManager.cpp">
      <Filter>소스 파일</Filter>
    </ClCompile>
    <ClCompile Include="GameLoop.cpp">
      <Filter>소스 파일</Filter>
    </ClCompile>
    <ClCompile Include="Logger.cpp">
      <Filter>소스 파일</Filter>
    </ClCompile>
    <ClCompile Include="AchievementManager.cpp">
      <Filter>소스 파일</Filter>
    </ClCompile>
    <ClCompile Include="GameManager.cpp">
      <Filter>소스 파일</Filter>
    </ClCompile>
    <ClCompile Include="InputManager.cpp">
      <Filter>소스 파일</Filter>
    </ClCompile>
    <ClCompile Include="Pawn.cpp">
      <Filter>소스 파일</Filter>
    </ClCompile>
    <ClCompile Include="TextRPG.cpp">
      <Filter>소스 파일</Filter>
    </ClCompile>
    <ClCompile Include="Widget.cpp">
      <Filter>소스 파일</Filter>
    </ClCompile>
    <ClCompile Include="QTE.cpp">
      <Filter>소스 파일</Filter>
    </ClCompile>
    <ClCompile Include="Buff.cpp">
      <Filter>소스 파일</Filter>
    </ClCompile>
    <ClCompile Include="ItemManager.cpp">
      <Filter>소스 파일</Filter>
    </ClCompile>
    <ClCompile Include="Utilities.cpp">
      <Filter>소스 파일</Filter>
    </ClCompile>
    <ClCompile Include="VectorWidget.cpp">
      <Filter>소스 파일</Filter>
    </ClCompile>
    <ClCompile Include="UsableItem.cpp">
      <Filter>소스 파일</Filter>
    </ClCompile>
    <ClCompile Include="Equipment.cpp">
      <Filter>소스 파일</Filter>
    </ClCompile>
    <ClCompile Include="Artifact.cpp">
      <Filter>소스 파일</Filter>
    </ClCompile>
    <ClCompile Include="StatWidget.cpp">
      <Filter>소스 파일</Filter>
    </ClCompile>
    <ClCompile Include="Boss.cpp">
      <Filter>소스 파일</Filter>
    </ClCompile>
  </ItemGroup>
  <ItemGroup>
    <Text Include="Assets\Ascii\Arts\Act1.txt" />
    <Text Include="Assets\Ascii\Arts\Act2.txt" />
    <Text Include="Assets\Ascii\Arts\Act3.txt" />
    <Text Include="Assets\Ascii\Arts\Boss_Button.txt" />
    <Text Include="Assets\Ascii\Arts\Boss_Researcher.txt" />
    <Text Include="Assets\Ascii\Arts\Ending_City.txt" />
    <Text Include="Assets\Ascii\Arts\Ending_Corridor.txt" />
    <Text Include="Assets\Ascii\Arts\Ending_Pictue.txt" />
    <Text Include="Assets\Ascii\Arts\GameOver.txt" />
    <Text Include="Assets\Ascii\Arts\Level5_EventQTE1.txt" />
    <Text Include="Assets\Ascii\Arts\Level5_EventQTE2.txt" />
    <Text Include="Assets\Ascii\Arts\Level8_Event.txt" />
    <Text Include="Assets\Ascii\Arts\Opening_01.txt" />
    <Text Include="Assets\Ascii\Arts\Opening_02.txt" />
    <Text Include="Assets\Ascii\Arts\Opening_03-1 QTE.txt" />
    <Text Include="Assets\Ascii\Arts\Opening_03_QTE.txt" />
    <Text Include="Assets\Ascii\Arts\Save_Point.txt" />
    <Text Include="Assets\Ascii\Arts\Vending_Machine.txt" />
    <Text Include="Assets\Ascii\Arts\Vending_Machine_Monster.txt" />
    <Text Include="Assets\Ascii\Monster\Boss_Attack.txt" />
    <Text Include="Assets\Ascii\Monster\Boss_Die.txt" />
    <Text Include="Assets\Ascii\Monster\Boss_Idle1.txt" />
    <Text Include="Assets\Ascii\Monster\Boss_Idle2.txt" />
    <Text Include="Assets\Ascii\Monster\FatMan_Attack.txt" />
    <Text Include="Assets\Ascii\Monster\FatMan_Die.txt" />
    <Text Include="Assets\Ascii\Monster\FatMan_Idle1.txt" />
    <Text Include="Assets\Ascii\Monster\FatMan_Idle2.txt" />
    <Text Include="Assets\Ascii\Monster\Kid_Attack.txt" />
    <Text Include="Assets\Ascii\Monster\Kid_Die.txt" />
    <Text Include="Assets\Ascii\Monster\Kid_Idle1.txt" />
    <Text Include="Assets\Ascii\Monster\Kid_Idle2.txt" />
    <Text Include="Assets\Ascii\Monster\Nurse_Attack.txt" />
    <Text Include="Assets\Ascii\Monster\Nurse_Die.txt" />
    <Text Include="Assets\Ascii\Monster\Nurse_Idle1.txt" />
    <Text Include="Assets\Ascii\Monster\Nurse_Idle2.txt" />
    <Text Include="Assets\Ascii\Monster\StrongMan_Attack.txt" />
    <Text Include="Assets\Ascii\Monster\StrongMan_Die.txt" />
    <Text Include="Assets\Ascii\Monster\StrongMan_Idle1.txt" />
    <Text Include="Assets\Ascii\Monster\StrongMan_Idle2.txt" />
    <Text Include="Assets\Ascii\Monster\SwordMan_Attack.txt" />
    <Text Include="Assets\Ascii\Monster\SwordMan_Die.txt" />
    <Text Include="Assets\Ascii\Monster\SwordMan_Idle1.txt" />
    <Text Include="Assets\Ascii\Monster\SwordMan_Idle2.txt" />
    <Text Include="Assets\Ascii\Monster\WalkMan_Attack.txt" />
    <Text Include="Assets\Ascii\Monster\WalkMan_Die.txt" />
    <Text Include="Assets\Ascii\Monster\WalkMan_Idle1.txt" />
    <Text Include="Assets\Ascii\Monster\WalkMan_Idle2.txt" />
    <Text Include="Assets\Ascii\Player\Player01_Attack.txt" />
    <Text Include="Assets\Ascii\Player\Player01_Defense.txt" />
    <Text Include="Assets\Ascii\Player\Player01_Idle1.txt" />
    <Text Include="Assets\Ascii\Player\Player01_Idle2.txt" />
    <Text Include="Assets\Ascii\Player\Player02_Attack.txt" />
    <Text Include="Assets\Ascii\Player\Player02_Defense.txt" />
    <Text Include="Assets\Ascii\Player\Player02_Idle1.txt" />
    <Text Include="Assets\Ascii\Player\Player02_Idle2.txt" />
    <Text Include="Assets\Ascii\Player\Player03_Attack.txt" />
    <Text Include="Assets\Ascii\Player\Player03_Defense.txt" />
    <Text Include="Assets\Ascii\Player\Player03_Idle1.txt" />
    <Text Include="Assets\Ascii\Player\Player03_Idle2.txt" />
    <Text Include="Assets\Ascii\Player\Player04_Attack.txt" />
    <Text Include="Assets\Ascii\Player\Player04_Defense.txt" />
    <Text Include="Assets\Ascii\Player\Player04_Idle1.txt" />
    <Text Include="Assets\Ascii\Player\Player04_Idle2.txt" />
  </ItemGroup>
</Project>