<?xml version="1.0" encoding="utf-8"?>
<Project ToolsVersion="4.0" xmlns="http://schemas.microsoft.com/developer/msbuild/2003">
  <ItemGroup>
    <ClCompile Include="Core\AchievementManager.cpp" />
    <ClCompile Include="Actor\Actor.cpp" />
    <ClCompile Include="TextRPG\Artifact.cpp" />
    <ClCompile Include="TextRPG\BattleManager.cpp" />
    <ClCompile Include="Actor\Boss.cpp" />
    <ClCompile Include="TextRPG\Buff.cpp" />
    <ClCompile Include="Actor\Character.cpp" />
    <ClCompile Include="Core\DisplayManager.cpp" />
    <ClCompile Include="TextRPG\Equipment.cpp" />
    <ClCompile Include="TextRPG\GameLoop.cpp" />
    <ClCompile Include="Core\GameManager.cpp" />
    <ClCompile Include="Core\InputManager.cpp" />
    <ClCompile Include="TextRPG\Inventory.cpp" />
    <ClCompile Include="TextRPG\Item.cpp" />
    <ClCompile Include="Core\ItemManager.cpp" />
    <ClCompile Include="Actor\Widget\LifeTimeWidget.cpp" />
    <ClCompile Include="Core\Logger.cpp" />
    <ClCompile Include="Actor\Monster.cpp" />
    <ClCompile Include="Actor\Pawn.cpp" />
    <ClCompile Include="TextRPG\QTE.cpp" />
    <ClCompile Include="Core\SaveManager.cpp" />
    <ClCompile Include="TextRPG\Shop.cpp" />
    <ClCompile Include="Core\SoundManager.cpp" />
    <ClCompile Include="Actor\Widget\StatWidget.cpp" />
    <ClCompile Include="Core\StoryManager.cpp" />
    <ClCompile Include="TextRPG\TextRPG.cpp" />
    <ClCompile Include="TextRPG\UsableItem.cpp" />
    <ClCompile Include="Core\Utilities.cpp" />
    <ClCompile Include="Actor\Widget\VectorWidget.cpp" />
    <ClCompile Include="Actor\Widget\Widget.cpp" />
  </ItemGroup>
  <ItemGroup>
    <ClInclude Include="Core\AchievementManager.h" />
    <ClInclude Include="Actor\Actor.h" />
    <ClInclude Include="TextRPG\Artifact.h" />
    <ClInclude Include="TextRPG\BattleManager.h" />
    <ClInclude Include="Actor\Boss.h" />
    <ClInclude Include="TextRPG\Buff.h" />
    <ClInclude Include="Actor\Character.h" />
    <ClInclude Include="Core\DisplayManager.h" />
    <ClInclude Include="TextRPG\Enums.h" />
    <ClInclude Include="TextRPG\Equipment.h" />
    <ClInclude Include="TextRPG\GameLoop.h" />
    <ClInclude Include="Core\GameManager.h" />
    <ClInclude Include="Core\InputManager.h" />
    <ClInclude Include="TextRPG\Inventory.h" />
    <ClInclude Include="TextRPG\Item.h" />
    <ClInclude Include="Core\ItemManager.h" />
    <ClInclude Include="Actor\Widget\LifeTimeWidget.h" />
    <ClInclude Include="Core\Logger.h" />
    <ClInclude Include="Actor\Monster.h" />
    <ClInclude Include="Actor\Pawn.h" />
    <ClInclude Include="TextRPG\QTE.h" />
    <ClInclude Include="Core\SaveManager.h" />
    <ClInclude Include="TextRPG\Shop.h" />
    <ClInclude Include="Core\SoundManager.h" />
    <ClInclude Include="Actor\Widget\StatWidget.h" />
    <ClInclude Include="Core\StoryManager.h" />
    <ClInclude Include="TextRPG\TextRPG.h" />
    <ClInclude Include="TextRPG\UsableItem.h" />
    <ClInclude Include="Core\Utilities.h" />
    <ClInclude Include="Actor\Widget\VectorWidget.h" />
    <ClInclude Include="Actor\Widget\Widget.h" />
  </ItemGroup>
  <ItemGroup>
    <Text Include="Assets\Ascii\Arts\Act1.txt" />
    <Text Include="Assets\Ascii\Arts\Act2.txt" />
    <Text Include="Assets\Ascii\Arts\Act3.txt" />
    <Text Include="Assets\Ascii\Arts\Boss_Button.txt" />
    <Text Include="Assets\Ascii\Arts\Boss_Researcher.txt" />
    <Text Include="Assets\Ascii\Arts\Ending_City.txt" />
    <Text Include="Assets\Ascii\Arts\Ending_Corridor.txt" />
    <Text Include="Assets\Ascii\Arts\Ending_Pictue.txt" />
    <Text Include="Assets\Ascii\Arts\GameOver.txt" />
    <Text Include="Assets\Ascii\Arts\Level5_EventQTE1.txt" />
    <Text Include="Assets\Ascii\Arts\Level5_EventQTE2.txt" />
    <Text Include="Assets\Ascii\Arts\Level8_Event.txt" />
    <Text Include="Assets\Ascii\Arts\Opening_01.txt" />
    <Text Include="Assets\Ascii\Arts\Opening_02.txt" />
    <Text Include="Assets\Ascii\Arts\Opening_03-1 QTE.txt" />
    <Text Include="Assets\Ascii\Arts\Opening_03_QTE.txt" />
    <Text Include="Assets\Ascii\Arts\Save_Point.txt" />
    <Text Include="Assets\Ascii\Arts\Vending_Machine.txt" />
    <Text Include="Assets\Ascii\Arts\Vending_Machine_Monster.txt" />
    <Text Include="Assets\Ascii\Monster\Boss_Attack.txt" />
    <Text Include="Assets\Ascii\Monster\Boss_Die.txt" />
    <Text Include="Assets\Ascii\Monster\Boss_Idle1.txt" />
    <Text Include="Assets\Ascii\Monster\Boss_Idle2.txt" />
    <Text Include="Assets\Ascii\Monster\FatMan_Attack.txt" />
    <Text Include="Assets\Ascii\Monster\FatMan_Die.txt" />
    <Text Include="Assets\Ascii\Monster\FatMan_Idle1.txt" />
    <Text Include="Assets\Ascii\Monster\FatMan_Idle2.txt" />
    <Text Include="Assets\Ascii\Monster\Kid_Attack.txt" />
    <Text Include="Assets\Ascii\Monster\Kid_Die.txt" />
    <Text Include="Assets\Ascii\Monster\Kid_Idle1.txt" />
    <Text Include="Assets\Ascii\Monster\Kid_Idle2.txt" />
    <Text Include="Assets\Ascii\Monster\Nurse_Attack.txt" />
    <Text Include="Assets\Ascii\Monster\Nurse_Die.txt" />
    <Text Include="Assets\Ascii\Monster\Nurse_Idle1.txt" />
    <Text Include="Assets\Ascii\Monster\Nurse_Idle2.txt" />
    <Text Include="Assets\Ascii\Monster\StrongMan_Attack.txt" />
    <Text Include="Assets\Ascii\Monster\StrongMan_Die.txt" />
    <Text Include="Assets\Ascii\Monster\StrongMan_Idle1.txt" />
    <Text Include="Assets\Ascii\Monster\StrongMan_Idle2.txt" />
    <Text Include="Assets\Ascii\Monster\SwordMan_Attack.txt" />
    <Text Include="Assets\Ascii\Monster\SwordMan_Die.txt" />
    <Text Include="Assets\Ascii\Monster\SwordMan_Idle1.txt" />
    <Text Include="Assets\Ascii\Monster\SwordMan_Idle2.txt" />
    <Text Include="Assets\Ascii\Monster\WalkMan_Attack.txt" />
    <Text Include="Assets\Ascii\Monster\WalkMan_Die.txt" />
    <Text Include="Assets\Ascii\Monster\WalkMan_Idle1.txt" />
    <Text Include="Assets\Ascii\Monster\WalkMan_Idle2.txt" />
    <Text Include="Assets\Ascii\Player\Player01_Attack.txt" />
    <Text Include="Assets\Ascii\Player\Player01_Defense.txt" />
    <Text Include="Assets\Ascii\Player\Player01_Idle1.txt" />
    <Text Include="Assets\Ascii\Player\Player01_Idle2.txt" />
    <Text Include="Assets\Ascii\Player\Player02_Attack.txt" />
    <Text Include="Assets\Ascii\Player\Player02_Defense.txt" />
    <Text Include="Assets\Ascii\Player\Player02_Idle1.txt" />
    <Text Include="Assets\Ascii\Player\Player02_Idle2.txt" />
    <Text Include="Assets\Ascii\Player\Player03_Attack.txt" />
    <Text Include="Assets\Ascii\Player\Player03_Defense.txt" />
    <Text Include="Assets\Ascii\Player\Player03_Idle1.txt" />
    <Text Include="Assets\Ascii\Player\Player03_Idle2.txt" />
    <Text Include="Assets\Ascii\Player\Player04_Attack.txt" />
    <Text Include="Assets\Ascii\Player\Player04_Defense.txt" />
    <Text Include="Assets\Ascii\Player\Player04_Idle1.txt" />
    <Text Include="Assets\Ascii\Player\Player04_Idle2.txt" />
  </ItemGroup>
</Project>